{
  "name": "vue-route-sample",
  "version": "0.0.1",
  "lockfileVersion": 1,
  "requires": true,
  "dependencies": {
    "isarray": {
      "version": "0.0.1",
      "resolved": "https://registry.npmjs.org/isarray/-/isarray-0.0.1.tgz",
      "integrity": "sha1-ihis/Kmo9Bd+Cav8YDiTmwXR7t8="
    },
    "page": {
      "version": "1.11.2",
      "resolved": "https://registry.npmjs.org/page/-/page-1.11.2.tgz",
      "integrity": "sha512-ypV9Eqla1iNpmc5B2+Uhyr5KyVXmcZK24AS3ojk+Hrf3Q33nfg6oODNrYkUmnUqwk3EylihIMREwh8LbhpPgIw==",
      "requires": {
        "path-to-regexp": "~1.2.1"
      }
    },
    "path-to-regexp": {
      "version": "1.2.1",
      "resolved": "https://registry.npmjs.org/path-to-regexp/-/path-to-regexp-1.2.1.tgz",
      "integrity": "sha1-szcFwUAjTYc8hyHHuf2LVB7Tr/k=",
      "requires": {
        "isarray": "0.0.1"
      }
    },
    "vue": {
      "version": "2.5.17",
      "resolved": "https://registry.npmjs.org/vue/-/vue-2.5.17.tgz",
      "integrity": "sha512-mFbcWoDIJi0w0Za4emyLiW72Jae0yjANHbCVquMKijcavBGypqlF7zHRgMa5k4sesdv7hv2rB4JPdZfR+TPfhQ=="
    },
    "vue-route": {
      "version": "1.5.1",
      "resolved": "https://registry.npmjs.org/vue-route/-/vue-route-1.5.1.tgz",
      "integrity": "sha1-1k0T8gmIQ4k29g09K/GHykSK19M=",
      "requires": {
        "page": "^1.5.0"
      }
    }
  }
}
